{
  "name": "rix-language",
  "version": "0.1.0",
  "lockfileVersion": 3,
  "requires": true,
  "packages": {
    "": {
      "name": "rix-language",
      "version": "0.1.0"
    },
    "../zed-ratmath": {
      "name": "ratmath",
      "version": "0.1.0",
      "extraneous": true,
      "license": "MIT",
      "devDependencies": {
        "bun-types": "latest"
      }
    }
  }
}
